"app-shell@npm:^1.0.0":
  version: "1.0.0"
  resolution: "app-shell@npm:1.0.0"
  dependencies:
    widget-core: "npm:1.0.0"

"admin-shell@npm:^1.0.0":
  version: "1.0.0"
  resolution: "admin-shell@npm:1.0.0"
  dependencies:
    shared-lib: "npm:2.0.0"

"widget-core@npm:1.0.0":
  version: "1.0.0"
  resolution: "widget-core@npm:1.0.0"
  dependencies:
    shared-lib: "npm:1.0.0"

"shared-lib@npm:1.0.0":
  version: "1.0.0"
  resolution: "shared-lib@npm:1.0.0"

"shared-lib@npm:2.0.0":
  version: "2.0.0"
  resolution: "shared-lib@npm:2.0.0"
