{
  "name": "multi-lockfiles-fixture",
  "lockfileVersion": 3,
  "packages": {
    "": {
      "name": "multi-lockfiles-fixture",
      "version": "1.0.0"
    },
    "node_modules/left-pad": {
      "version": "1.0.0"
    },
    "node_modules/tooling/node_modules/left-pad": {
      "version": "1.1.0"
    }
  }
}
