{
  "name": "origins-npm-fixture",
  "lockfileVersion": 3,
  "packages": {
    "": {
      "name": "origins-npm-fixture",
      "version": "1.0.0"
    },
    "node_modules/app-shell": {
      "version": "1.0.0"
    },
    "node_modules/admin-shell": {
      "version": "1.0.0"
    },
    "node_modules/app-shell/node_modules/widget-core": {
      "version": "1.0.0"
    },
    "node_modules/app-shell/node_modules/widget-core/node_modules/shared-lib": {
      "version": "1.0.0"
    },
    "node_modules/admin-shell/node_modules/shared-lib": {
      "version": "2.0.0"
    }
  }
}
